// !$*UTF8*$!
{
	archiveVersion = 1;
	classes = {
	};
	objectVersion = 50;
	objects = {

/* Begin PBXBuildFile section */
		8C29401A20D6F008001623A9 /* AppDelegate.swift in Sources */ = {isa = PBXBuildFile; fileRef = 8C29401920D6F008001623A9 /* AppDelegate.swift */; };
		8C29402120D6F009001623A9 /* Assets.xcassets in Resources */ = {isa = PBXBuildFile; fileRef = 8C29402020D6F009001623A9 /* Assets.xcassets */; };
		8C29403420D6F408001623A9 /* DefaultButton.swift in Sources */ = {isa = PBXBuildFile; fileRef = 8C29403320D6F408001623A9 /* DefaultButton.swift */; };
		8C29403A20D99EAD001623A9 /* SelectFranchiseViewController.swift in Sources */ = {isa = PBXBuildFile; fileRef = 8C29403920D99EAD001623A9 /* SelectFranchiseViewController.swift */; };
		8C29403E20DA0827001623A9 /* DefaultVariables.swift in Sources */ = {isa = PBXBuildFile; fileRef = 8C29403D20DA0826001623A9 /* DefaultVariables.swift */; };
		8C29404220DB03FE001623A9 /* DetailFranchiseViewController.swift in Sources */ = {isa = PBXBuildFile; fileRef = 8C29404120DB03FE001623A9 /* DetailFranchiseViewController.swift */; };
		8C29404520DB6F7C001623A9 /* SelectFranchiseModel.swift in Sources */ = {isa = PBXBuildFile; fileRef = 8C29404420DB6F7C001623A9 /* SelectFranchiseModel.swift */; };
		8C29404720DB72BA001623A9 /* SelectFranchiseWorker.swift in Sources */ = {isa = PBXBuildFile; fileRef = 8C29404620DB72BA001623A9 /* SelectFranchiseWorker.swift */; };
		8C29404920DB76FD001623A9 /* DetailFranchiseModel.swift in Sources */ = {isa = PBXBuildFile; fileRef = 8C29404820DB76FD001623A9 /* DetailFranchiseModel.swift */; };
		8C29404B20DB7B14001623A9 /* IGDBRequester.swift in Sources */ = {isa = PBXBuildFile; fileRef = 8C29404A20DB7B14001623A9 /* IGDBRequester.swift */; };
/* End PBXBuildFile section */

/* Begin PBXFileReference section */
		8C29401620D6F008001623A9 /* GamesDatabaseViewer.app */ = {isa = PBXFileReference; explicitFileType = wrapper.application; includeInIndex = 0; path = GamesDatabaseViewer.app; sourceTree = BUILT_PRODUCTS_DIR; };
		8C29401920D6F008001623A9 /* AppDelegate.swift */ = {isa = PBXFileReference; lastKnownFileType = sourcecode.swift; path = AppDelegate.swift; sourceTree = "<group>"; };
		8C29402020D6F009001623A9 /* Assets.xcassets */ = {isa = PBXFileReference; lastKnownFileType = folder.assetcatalog; path = Assets.xcassets; sourceTree = "<group>"; };
		8C29402520D6F009001623A9 /* Info.plist */ = {isa = PBXFileReference; lastKnownFileType = text.plist.xml; path = Info.plist; sourceTree = "<group>"; };
		8C29403320D6F408001623A9 /* DefaultButton.swift */ = {isa = PBXFileReference; lastKnownFileType = sourcecode.swift; path = DefaultButton.swift; sourceTree = "<group>"; };
		8C29403920D99EAD001623A9 /* SelectFranchiseViewController.swift */ = {isa = PBXFileReference; lastKnownFileType = sourcecode.swift; path = SelectFranchiseViewController.swift; sourceTree = "<group>"; };
		8C29403D20DA0826001623A9 /* DefaultVariables.swift */ = {isa = PBXFileReference; lastKnownFileType = sourcecode.swift; path = DefaultVariables.swift; sourceTree = "<group>"; };
		8C29404120DB03FE001623A9 /* DetailFranchiseViewController.swift */ = {isa = PBXFileReference; lastKnownFileType = sourcecode.swift; path = DetailFranchiseViewController.swift; sourceTree = "<group>"; };
		8C29404420DB6F7C001623A9 /* SelectFranchiseModel.swift */ = {isa = PBXFileReference; lastKnownFileType = sourcecode.swift; path = SelectFranchiseModel.swift; sourceTree = "<group>"; };
		8C29404620DB72BA001623A9 /* SelectFranchiseWorker.swift */ = {isa = PBXFileReference; lastKnownFileType = sourcecode.swift; path = SelectFranchiseWorker.swift; sourceTree = "<group>"; };
		8C29404820DB76FD001623A9 /* DetailFranchiseModel.swift */ = {isa = PBXFileReference; lastKnownFileType = sourcecode.swift; path = DetailFranchiseModel.swift; sourceTree = "<group>"; };
		8C29404A20DB7B14001623A9 /* IGDBRequester.swift */ = {isa = PBXFileReference; lastKnownFileType = sourcecode.swift; path = IGDBRequester.swift; sourceTree = "<group>"; };
/* End PBXFileReference section */

/* Begin PBXFrameworksBuildPhase section */
		8C29401320D6F008001623A9 /* Frameworks */ = {
			isa = PBXFrameworksBuildPhase;
			buildActionMask = 2147483647;
			files = (
			);
			runOnlyForDeploymentPostprocessing = 0;
		};
/* End PBXFrameworksBuildPhase section */

/* Begin PBXGroup section */
		8C29400D20D6F008001623A9 = {
			isa = PBXGroup;
			children = (
				8C29401820D6F008001623A9 /* GamesDatabaseViewer */,
				8C29401720D6F008001623A9 /* Products */,
			);
			sourceTree = "<group>";
		};
		8C29401720D6F008001623A9 /* Products */ = {
			isa = PBXGroup;
			children = (
				8C29401620D6F008001623A9 /* GamesDatabaseViewer.app */,
			);
			name = Products;
			sourceTree = "<group>";
		};
		8C29401820D6F008001623A9 /* GamesDatabaseViewer */ = {
			isa = PBXGroup;
			children = (
				8C29402520D6F009001623A9 /* Info.plist */,
				8C29404020DA091B001623A9 /* Default Files */,
				8C29404320DB0406001623A9 /* Detail Franchise */,
				8C29403F20DA0903001623A9 /* Select Franchise */,
				8C29403220D6F3DA001623A9 /* View Objects */,
				8C29404A20DB7B14001623A9 /* IGDBRequester.swift */,
			);
			path = GamesDatabaseViewer;
			sourceTree = "<group>";
		};
		8C29403220D6F3DA001623A9 /* View Objects */ = {
			isa = PBXGroup;
			children = (
				8C29403320D6F408001623A9 /* DefaultButton.swift */,
			);
			path = "View Objects";
			sourceTree = "<group>";
		};
		8C29403F20DA0903001623A9 /* Select Franchise */ = {
			isa = PBXGroup;
			children = (
				8C29403920D99EAD001623A9 /* SelectFranchiseViewController.swift */,
				8C29404420DB6F7C001623A9 /* SelectFranchiseModel.swift */,
				8C29404620DB72BA001623A9 /* SelectFranchiseWorker.swift */,
			);
			path = "Select Franchise";
			sourceTree = "<group>";
		};
		8C29404020DA091B001623A9 /* Default Files */ = {
			isa = PBXGroup;
			children = (
				8C29402020D6F009001623A9 /* Assets.xcassets */,
				8C29401920D6F008001623A9 /* AppDelegate.swift */,
				8C29403D20DA0826001623A9 /* DefaultVariables.swift */,
			);
			path = "Default Files";
			sourceTree = "<group>";
		};
		8C29404320DB0406001623A9 /* Detail Franchise */ = {
			isa = PBXGroup;
			children = (
				8C29404120DB03FE001623A9 /* DetailFranchiseViewController.swift */,
				8C29404820DB76FD001623A9 /* DetailFranchiseModel.swift */,
			);
			path = "Detail Franchise";
			sourceTree = "<group>";
		};
/* End PBXGroup section */

/* Begin PBXNativeTarget section */
		8C29401520D6F008001623A9 /* GamesDatabaseViewer */ = {
			isa = PBXNativeTarget;
			buildConfigurationList = 8C29402820D6F009001623A9 /* Build configuration list for PBXNativeTarget "GamesDatabaseViewer" */;
			buildPhases = (
				8C29401220D6F008001623A9 /* Sources */,
				8C29401320D6F008001623A9 /* Frameworks */,
				8C29401420D6F008001623A9 /* Resources */,
			);
			buildRules = (
			);
			dependencies = (
			);
			name = GamesDatabaseViewer;
			productName = GamesDatabaseViewer;
			productReference = 8C29401620D6F008001623A9 /* GamesDatabaseViewer.app */;
			productType = "com.apple.product-type.application";
		};
/* End PBXNativeTarget section */

/* Begin PBXProject section */
		8C29400E20D6F008001623A9 /* Project object */ = {
			isa = PBXProject;
			attributes = {
				LastSwiftUpdateCheck = 0940;
				LastUpgradeCheck = 0940;
				ORGANIZATIONNAME = "Thiago Guardado Beltran";
				TargetAttributes = {
					8C29401520D6F008001623A9 = {
						CreatedOnToolsVersion = 9.4.1;
					};
				};
			};
			buildConfigurationList = 8C29401120D6F008001623A9 /* Build configuration list for PBXProject "GamesDatabaseViewer" */;
			compatibilityVersion = "Xcode 9.3";
			developmentRegion = en;
			hasScannedForEncodings = 0;
			knownRegions = (
				en,
				Base,
			);
			mainGroup = 8C29400D20D6F008001623A9;
			productRefGroup = 8C29401720D6F008001623A9 /* Products */;
			projectDirPath = "";
			projectRoot = "";
			targets = (
				8C29401520D6F008001623A9 /* GamesDatabaseViewer */,
			);
		};
/* End PBXProject section */

/* Begin PBXResourcesBuildPhase section */
		8C29401420D6F008001623A9 /* Resources */ = {
			isa = PBXResourcesBuildPhase;
			buildActionMask = 2147483647;
			files = (
				8C29402120D6F009001623A9 /* Assets.xcassets in Resources */,
			);
			runOnlyForDeploymentPostprocessing = 0;
		};
/* End PBXResourcesBuildPhase section */

/* Begin PBXSourcesBuildPhase section */
		8C29401220D6F008001623A9 /* Sources */ = {
			isa = PBXSourcesBuildPhase;
			buildActionMask = 2147483647;
			files = (
				8C29403A20D99EAD001623A9 /* SelectFranchiseViewController.swift in Sources */,
				8C29404520DB6F7C001623A9 /* SelectFranchiseModel.swift in Sources */,
				8C29404220DB03FE001623A9 /* DetailFranchiseViewController.swift in Sources */,
				8C29403420D6F408001623A9 /* DefaultButton.swift in Sources */,
				8C29404920DB76FD001623A9 /* DetailFranchiseModel.swift in Sources */,
				8C29404B20DB7B14001623A9 /* IGDBRequester.swift in Sources */,
				8C29404720DB72BA001623A9 /* SelectFranchiseWorker.swift in Sources */,
				8C29401A20D6F008001623A9 /* AppDelegate.swift in Sources */,
				8C29403E20DA0827001623A9 /* DefaultVariables.swift in Sources */,
			);
			runOnlyForDeploymentPostprocessing = 0;
		};
/* End PBXSourcesBuildPhase section */

/* Begin XCBuildConfiguration section */
		8C29402620D6F009001623A9 /* Debug */ = {
			isa = XCBuildConfiguration;
			buildSettings = {
				ALWAYS_SEARCH_USER_PATHS = NO;
				CLANG_ANALYZER_NONNULL = YES;
				CLANG_ANALYZER_NUMBER_OBJECT_CONVERSION = YES_AGGRESSIVE;
				CLANG_CXX_LANGUAGE_STANDARD = "gnu++14";
				CLANG_CXX_LIBRARY = "libc++";
				CLANG_ENABLE_MODULES = YES;
				CLANG_ENABLE_OBJC_ARC = YES;
				CLANG_ENABLE_OBJC_WEAK = YES;
				CLANG_WARN_BLOCK_CAPTURE_AUTORELEASING = YES;
				CLANG_WARN_BOOL_CONVERSION = YES;
				CLANG_WARN_COMMA = YES;
				CLANG_WARN_CONSTANT_CONVERSION = YES;
				CLANG_WARN_DEPRECATED_OBJC_IMPLEMENTATIONS = YES;
				CLANG_WARN_DIRECT_OBJC_ISA_USAGE = YES_ERROR;
				CLANG_WARN_DOCUMENTATION_COMMENTS = YES;
				CLANG_WARN_EMPTY_BODY = YES;
				CLANG_WARN_ENUM_CONVERSION = YES;
				CLANG_WARN_INFINITE_RECURSION = YES;
				CLANG_WARN_INT_CONVERSION = YES;
				CLANG_WARN_NON_LITERAL_NULL_CONVERSION = YES;
				CLANG_WARN_OBJC_IMPLICIT_RETAIN_SELF = YES;
				CLANG_WARN_OBJC_LITERAL_CONVERSION = YES;
				CLANG_WARN_OBJC_ROOT_CLASS = YES_ERROR;
				CLANG_WARN_RANGE_LOOP_ANALYSIS = YES;
				CLANG_WARN_STRICT_PROTOTYPES = YES;
				CLANG_WARN_SUSPICIOUS_MOVE = YES;
				CLANG_WARN_UNGUARDED_AVAILABILITY = YES_AGGRESSIVE;
				CLANG_WARN_UNREACHABLE_CODE = YES;
				CLANG_WARN__DUPLICATE_METHOD_MATCH = YES;
				CODE_SIGN_IDENTITY = "iPhone Developer";
				COPY_PHASE_STRIP = NO;
				DEBUG_INFORMATION_FORMAT = dwarf;
				ENABLE_STRICT_OBJC_MSGSEND = YES;
				ENABLE_TESTABILITY = YES;
				GCC_C_LANGUAGE_STANDARD = gnu11;
				GCC_DYNAMIC_NO_PIC = NO;
				GCC_NO_COMMON_BLOCKS = YES;
				GCC_OPTIMIZATION_LEVEL = 0;
				GCC_PREPROCESSOR_DEFINITIONS = (
					"DEBUG=1",
					"$(inherited)",
				);
				GCC_WARN_64_TO_32_BIT_CONVERSION = YES;
				GCC_WARN_ABOUT_RETURN_TYPE = YES_ERROR;
				GCC_WARN_UNDECLARED_SELECTOR = YES;
				GCC_WARN_UNINITIALIZED_AUTOS = YES_AGGRESSIVE;
				GCC_WARN_UNUSED_FUNCTION = YES;
				GCC_WARN_UNUSED_VARIABLE = YES;
				IPHONEOS_DEPLOYMENT_TARGET = 11.4;
				MTL_ENABLE_DEBUG_INFO = YES;
				ONLY_ACTIVE_ARCH = YES;
				SDKROOT = iphoneos;
				SWIFT_ACTIVE_COMPILATION_CONDITIONS = DEBUG;
				SWIFT_OPTIMIZATION_LEVEL = "-Onone";
			};
			name = Debug;
		};
		8C29402720D6F009001623A9 /* Release */ = {
			isa = XCBuildConfiguration;
			buildSettings = {
				ALWAYS_SEARCH_USER_PATHS = NO;
				CLANG_ANALYZER_NONNULL = YES;
				CLANG_ANALYZER_NUMBER_OBJECT_CONVERSION = YES_AGGRESSIVE;
				CLANG_CXX_LANGUAGE_STANDARD = "gnu++14";
				CLANG_CXX_LIBRARY = "libc++";
				CLANG_ENABLE_MODULES = YES;
				CLANG_ENABLE_OBJC_ARC = YES;
				CLANG_ENABLE_OBJC_WEAK = YES;
				CLANG_WARN_BLOCK_CAPTURE_AUTORELEASING = YES;
				CLANG_WARN_BOOL_CONVERSION = YES;
				CLANG_WARN_COMMA = YES;
				CLANG_WARN_CONSTANT_CONVERSION = YES;
				CLANG_WARN_DEPRECATED_OBJC_IMPLEMENTATIONS = YES;
				CLANG_WARN_DIRECT_OBJC_ISA_USAGE = YES_ERROR;
				CLANG_WARN_DOCUMENTATION_COMMENTS = YES;
				CLANG_WARN_EMPTY_BODY = YES;
				CLANG_WARN_ENUM_CONVERSION = YES;
				CLANG_WARN_INFINITE_RECURSION = YES;
				CLANG_WARN_INT_CONVERSION = YES;
				CLANG_WARN_NON_LITERAL_NULL_CONVERSION = YES;
				CLANG_WARN_OBJC_IMPLICIT_RETAIN_SELF = YES;
				CLANG_WARN_OBJC_LITERAL_CONVERSION = YES;
				CLANG_WARN_OBJC_ROOT_CLASS = YES_ERROR;
				CLANG_WARN_RANGE_LOOP_ANALYSIS = YES;
				CLANG_WARN_STRICT_PROTOTYPES = YES;
				CLANG_WARN_SUSPICIOUS_MOVE = YES;
				CLANG_WARN_UNGUARDED_AVAILABILITY = YES_AGGRESSIVE;
				CLANG_WARN_UNREACHABLE_CODE = YES;
				CLANG_WARN__DUPLICATE_METHOD_MATCH = YES;
				CODE_SIGN_IDENTITY = "iPhone Developer";
				COPY_PHASE_STRIP = NO;
				DEBUG_INFORMATION_FORMAT = "dwarf-with-dsym";
				ENABLE_NS_ASSERTIONS = NO;
				ENABLE_STRICT_OBJC_MSGSEND = YES;
				GCC_C_LANGUAGE_STANDARD = gnu11;
				GCC_NO_COMMON_BLOCKS = YES;
				GCC_WARN_64_TO_32_BIT_CONVERSION = YES;
				GCC_WARN_ABOUT_RETURN_TYPE = YES_ERROR;
				GCC_WARN_UNDECLARED_SELECTOR = YES;
				GCC_WARN_UNINITIALIZED_AUTOS = YES_AGGRESSIVE;
				GCC_WARN_UNUSED_FUNCTION = YES;
				GCC_WARN_UNUSED_VARIABLE = YES;
				IPHONEOS_DEPLOYMENT_TARGET = 11.4;
				MTL_ENABLE_DEBUG_INFO = NO;
				SDKROOT = iphoneos;
				SWIFT_COMPILATION_MODE = wholemodule;
				SWIFT_OPTIMIZATION_LEVEL = "-O";
				VALIDATE_PRODUCT = YES;
			};
			name = Release;
		};
		8C29402920D6F009001623A9 /* Debug */ = {
			isa = XCBuildConfiguration;
			buildSettings = {
				ASSETCATALOG_COMPILER_APPICON_NAME = AppIcon;
				CODE_SIGN_STYLE = Automatic;
				INFOPLIST_FILE = GamesDatabaseViewer/Info.plist;
				IPHONEOS_DEPLOYMENT_TARGET = 9.3;
				LD_RUNPATH_SEARCH_PATHS = (
					"$(inherited)",
					"@executable_path/Frameworks",
				);
				PRODUCT_BUNDLE_IDENTIFIER = com.thiagoguardado.GamesDatabaseViewer;
				PRODUCT_NAME = "$(TARGET_NAME)";
				SWIFT_VERSION = 4.0;
				TARGETED_DEVICE_FAMILY = "1,2";
			};
			name = Debug;
		};
		8C29402A20D6F009001623A9 /* Release */ = {
			isa = XCBuildConfiguration;
			buildSettings = {
				ASSETCATALOG_COMPILER_APPICON_NAME = AppIcon;
				CODE_SIGN_STYLE = Automatic;
				INFOPLIST_FILE = GamesDatabaseViewer/Info.plist;
				IPHONEOS_DEPLOYMENT_TARGET = 9.3;
				LD_RUNPATH_SEARCH_PATHS = (
					"$(inherited)",
					"@executable_path/Frameworks",
				);
				PRODUCT_BUNDLE_IDENTIFIER = com.thiagoguardado.GamesDatabaseViewer;
				PRODUCT_NAME = "$(TARGET_NAME)";
				SWIFT_VERSION = 4.0;
				TARGETED_DEVICE_FAMILY = "1,2";
			};
			name = Release;
		};
/* End XCBuildConfiguration section */

/* Begin XCConfigurationList section */
		8C29401120D6F008001623A9 /* Build configuration list for PBXProject "GamesDatabaseViewer" */ = {
			isa = XCConfigurationList;
			buildConfigurations = (
				8C29402620D6F009001623A9 /* Debug */,
				8C29402720D6F009001623A9 /* Release */,
			);
			defaultConfigurationIsVisible = 0;
			defaultConfigurationName = Release;
		};
		8C29402820D6F009001623A9 /* Build configuration list for PBXNativeTarget "GamesDatabaseViewer" */ = {
			isa = XCConfigurationList;
			buildConfigurations = (
				8C29402920D6F009001623A9 /* Debug */,
				8C29402A20D6F009001623A9 /* Release */,
			);
			defaultConfigurationIsVisible = 0;
			defaultConfigurationName = Release;
		};
/* End XCConfigurationList section */
	};
	rootObject = 8C29400E20D6F008001623A9 /* Project object */;
}
